// !$*UTF8*$!
{
	archiveVersion = 1;
	classes = {
	};
	objectVersion = 50;
	objects = {

/* Begin PBXBuildFile section */
		010B0E802549F642007385A6 /* utils.swift in Sources */ = {isa = PBXBuildFile; fileRef = 010B0E7F2549F642007385A6 /* utils.swift */; };
		010B0E832549F65E007385A6 /* model.swift in Sources */ = {isa = PBXBuildFile; fileRef = 010B0E822549F65E007385A6 /* model.swift */; };
		010B0E862549F6A6007385A6 /* globals.swift in Sources */ = {isa = PBXBuildFile; fileRef = 010B0E852549F6A6007385A6 /* globals.swift */; };
		015AB416254993C200AB0EF9 /* f5wxApp.swift in Sources */ = {isa = PBXBuildFile; fileRef = 015AB415254993C200AB0EF9 /* f5wxApp.swift */; };
		015AB418254993C200AB0EF9 /* ContentView.swift in Sources */ = {isa = PBXBuildFile; fileRef = 015AB417254993C200AB0EF9 /* ContentView.swift */; };
		015AB41A254993C200AB0EF9 /* Assets.xcassets in Resources */ = {isa = PBXBuildFile; fileRef = 015AB419254993C200AB0EF9 /* Assets.xcassets */; };
		015AB41D254993C200AB0EF9 /* Preview Assets.xcassets in Resources */ = {isa = PBXBuildFile; fileRef = 015AB41C254993C200AB0EF9 /* Preview Assets.xcassets */; };
		015AB4272549943B00AB0EF9 /* json-utils.swift in Sources */ = {isa = PBXBuildFile; fileRef = 015AB4262549943B00AB0EF9 /* json-utils.swift */; };
		01B59D5A254C660E00D6F5ED /* Localizable.strings in Resources */ = {isa = PBXBuildFile; fileRef = 01B59D5C254C660E00D6F5ED /* Localizable.strings */; };
/* End PBXBuildFile section */

/* Begin PBXFileReference section */
		010B0E7F2549F642007385A6 /* utils.swift */ = {isa = PBXFileReference; lastKnownFileType = sourcecode.swift; path = utils.swift; sourceTree = "<group>"; };
		010B0E822549F65E007385A6 /* model.swift */ = {isa = PBXFileReference; lastKnownFileType = sourcecode.swift; path = model.swift; sourceTree = "<group>"; };
		010B0E852549F6A6007385A6 /* globals.swift */ = {isa = PBXFileReference; lastKnownFileType = sourcecode.swift; path = globals.swift; sourceTree = "<group>"; };
		015AB412254993C100AB0EF9 /* F5 Weather.app */ = {isa = PBXFileReference; explicitFileType = wrapper.application; includeInIndex = 0; path = "F5 Weather.app"; sourceTree = BUILT_PRODUCTS_DIR; };
		015AB415254993C200AB0EF9 /* f5wxApp.swift */ = {isa = PBXFileReference; lastKnownFileType = sourcecode.swift; path = f5wxApp.swift; sourceTree = "<group>"; };
		015AB417254993C200AB0EF9 /* ContentView.swift */ = {isa = PBXFileReference; lastKnownFileType = sourcecode.swift; path = ContentView.swift; sourceTree = "<group>"; };
		015AB419254993C200AB0EF9 /* Assets.xcassets */ = {isa = PBXFileReference; lastKnownFileType = folder.assetcatalog; path = Assets.xcassets; sourceTree = "<group>"; };
		015AB41C254993C200AB0EF9 /* Preview Assets.xcassets */ = {isa = PBXFileReference; lastKnownFileType = folder.assetcatalog; path = "Preview Assets.xcassets"; sourceTree = "<group>"; };
		015AB41E254993C200AB0EF9 /* Info.plist */ = {isa = PBXFileReference; lastKnownFileType = text.plist.xml; path = Info.plist; sourceTree = "<group>"; };
		015AB41F254993C200AB0EF9 /* f5-weather.entitlements */ = {isa = PBXFileReference; lastKnownFileType = text.plist.entitlements; path = "f5-weather.entitlements"; sourceTree = "<group>"; };
		015AB4262549943B00AB0EF9 /* json-utils.swift */ = {isa = PBXFileReference; fileEncoding = 4; lastKnownFileType = sourcecode.swift; path = "json-utils.swift"; sourceTree = "<group>"; };
		01B59D5B254C660E00D6F5ED /* en */ = {isa = PBXFileReference; lastKnownFileType = text.plist.strings; name = en; path = en.lproj/Localizable.strings; sourceTree = "<group>"; };
		01B59D62254C7D5A00D6F5ED /* README.md */ = {isa = PBXFileReference; lastKnownFileType = net.daringfireball.markdown; path = README.md; sourceTree = "<group>"; };
/* End PBXFileReference section */

/* Begin PBXFrameworksBuildPhase section */
		015AB40F254993C100AB0EF9 /* Frameworks */ = {
			isa = PBXFrameworksBuildPhase;
			buildActionMask = 2147483647;
			files = (
			);
			runOnlyForDeploymentPostprocessing = 0;
		};
/* End PBXFrameworksBuildPhase section */

/* Begin PBXGroup section */
		015AB409254993C100AB0EF9 = {
			isa = PBXGroup;
			children = (
				01B59D62254C7D5A00D6F5ED /* README.md */,
				015AB414254993C100AB0EF9 /* f5-weather */,
				015AB413254993C100AB0EF9 /* Products */,
			);
			sourceTree = "<group>";
		};
		015AB413254993C100AB0EF9 /* Products */ = {
			isa = PBXGroup;
			children = (
				015AB412254993C100AB0EF9 /* F5 Weather.app */,
			);
			name = Products;
			sourceTree = "<group>";
		};
		015AB414254993C100AB0EF9 /* f5-weather */ = {
			isa = PBXGroup;
			children = (
				015AB415254993C200AB0EF9 /* f5wxApp.swift */,
				015AB417254993C200AB0EF9 /* ContentView.swift */,
				010B0E822549F65E007385A6 /* model.swift */,
				010B0E852549F6A6007385A6 /* globals.swift */,
				015AB4262549943B00AB0EF9 /* json-utils.swift */,
				010B0E7F2549F642007385A6 /* utils.swift */,
				015AB419254993C200AB0EF9 /* Assets.xcassets */,
				015AB41E254993C200AB0EF9 /* Info.plist */,
				015AB41F254993C200AB0EF9 /* f5-weather.entitlements */,
				015AB41B254993C200AB0EF9 /* Preview Content */,
				01B59D5C254C660E00D6F5ED /* Localizable.strings */,
			);
			path = "f5-weather";
			sourceTree = "<group>";
		};
		015AB41B254993C200AB0EF9 /* Preview Content */ = {
			isa = PBXGroup;
			children = (
				015AB41C254993C200AB0EF9 /* Preview Assets.xcassets */,
			);
			path = "Preview Content";
			sourceTree = "<group>";
		};
/* End PBXGroup section */

/* Begin PBXNativeTarget section */
		015AB411254993C100AB0EF9 /* F5 Weather */ = {
			isa = PBXNativeTarget;
			buildConfigurationList = 015AB422254993C200AB0EF9 /* Build configuration list for PBXNativeTarget "F5 Weather" */;
			buildPhases = (
				015AB40E254993C100AB0EF9 /* Sources */,
				015AB40F254993C100AB0EF9 /* Frameworks */,
				015AB410254993C100AB0EF9 /* Resources */,
			);
			buildRules = (
			);
			dependencies = (
			);
			name = "F5 Weather";
			productName = blah;
			productReference = 015AB412254993C100AB0EF9 /* F5 Weather.app */;
			productType = "com.apple.product-type.application";
		};
/* End PBXNativeTarget section */

/* Begin PBXProject section */
		015AB40A254993C100AB0EF9 /* Project object */ = {
			isa = PBXProject;
			attributes = {
				LastSwiftUpdateCheck = 1220;
				LastUpgradeCheck = 1220;
				TargetAttributes = {
					015AB411254993C100AB0EF9 = {
						CreatedOnToolsVersion = 12.2;
					};
				};
			};
			buildConfigurationList = 015AB40D254993C100AB0EF9 /* Build configuration list for PBXProject "F5 Weather" */;
			compatibilityVersion = "Xcode 9.3";
			developmentRegion = en;
			hasScannedForEncodings = 0;
			knownRegions = (
				en,
				Base,
			);
			mainGroup = 015AB409254993C100AB0EF9;
			productRefGroup = 015AB413254993C100AB0EF9 /* Products */;
			projectDirPath = "";
			projectRoot = "";
			targets = (
				015AB411254993C100AB0EF9 /* F5 Weather */,
			);
		};
/* End PBXProject section */

/* Begin PBXResourcesBuildPhase section */
		015AB410254993C100AB0EF9 /* Resources */ = {
			isa = PBXResourcesBuildPhase;
			buildActionMask = 2147483647;
			files = (
				015AB41D254993C200AB0EF9 /* Preview Assets.xcassets in Resources */,
				01B59D5A254C660E00D6F5ED /* Localizable.strings in Resources */,
				015AB41A254993C200AB0EF9 /* Assets.xcassets in Resources */,
			);
			runOnlyForDeploymentPostprocessing = 0;
		};
/* End PBXResourcesBuildPhase section */

/* Begin PBXSourcesBuildPhase section */
		015AB40E254993C100AB0EF9 /* Sources */ = {
			isa = PBXSourcesBuildPhase;
			buildActionMask = 2147483647;
			files = (
				015AB418254993C200AB0EF9 /* ContentView.swift in Sources */,
				015AB416254993C200AB0EF9 /* f5wxApp.swift in Sources */,
				010B0E802549F642007385A6 /* utils.swift in Sources */,
				010B0E862549F6A6007385A6 /* globals.swift in Sources */,
				015AB4272549943B00AB0EF9 /* json-utils.swift in Sources */,
				010B0E832549F65E007385A6 /* model.swift in Sources */,
			);
			runOnlyForDeploymentPostprocessing = 0;
		};
/* End PBXSourcesBuildPhase section */

/* Begin PBXVariantGroup section */
		01B59D5C254C660E00D6F5ED /* Localizable.strings */ = {
			isa = PBXVariantGroup;
			children = (
				01B59D5B254C660E00D6F5ED /* en */,
			);
			name = Localizable.strings;
			sourceTree = "<group>";
		};
/* End PBXVariantGroup section */

/* Begin XCBuildConfiguration section */
		015AB420254993C200AB0EF9 /* Debug */ = {
			isa = XCBuildConfiguration;
			buildSettings = {
				ALWAYS_SEARCH_USER_PATHS = NO;
				CLANG_ANALYZER_NONNULL = YES;
				CLANG_ANALYZER_NUMBER_OBJECT_CONVERSION = YES_AGGRESSIVE;
				CLANG_CXX_LANGUAGE_STANDARD = "gnu++14";
				CLANG_CXX_LIBRARY = "libc++";
				CLANG_ENABLE_MODULES = YES;
				CLANG_ENABLE_OBJC_ARC = YES;
				CLANG_ENABLE_OBJC_WEAK = YES;
				CLANG_WARN_BLOCK_CAPTURE_AUTORELEASING = YES;
				CLANG_WARN_BOOL_CONVERSION = YES;
				CLANG_WARN_COMMA = YES;
				CLANG_WARN_CONSTANT_CONVERSION = YES;
				CLANG_WARN_DEPRECATED_OBJC_IMPLEMENTATIONS = YES;
				CLANG_WARN_DIRECT_OBJC_ISA_USAGE = YES_ERROR;
				CLANG_WARN_DOCUMENTATION_COMMENTS = YES;
				CLANG_WARN_EMPTY_BODY = YES;
				CLANG_WARN_ENUM_CONVERSION = YES;
				CLANG_WARN_INFINITE_RECURSION = YES;
				CLANG_WARN_INT_CONVERSION = YES;
				CLANG_WARN_NON_LITERAL_NULL_CONVERSION = YES;
				CLANG_WARN_OBJC_IMPLICIT_RETAIN_SELF = YES;
				CLANG_WARN_OBJC_LITERAL_CONVERSION = YES;
				CLANG_WARN_OBJC_ROOT_CLASS = YES_ERROR;
				CLANG_WARN_QUOTED_INCLUDE_IN_FRAMEWORK_HEADER = YES;
				CLANG_WARN_RANGE_LOOP_ANALYSIS = YES;
				CLANG_WARN_STRICT_PROTOTYPES = YES;
				CLANG_WARN_SUSPICIOUS_MOVE = YES;
				CLANG_WARN_UNGUARDED_AVAILABILITY = YES_AGGRESSIVE;
				CLANG_WARN_UNREACHABLE_CODE = YES;
				CLANG_WARN__DUPLICATE_METHOD_MATCH = YES;
				COPY_PHASE_STRIP = NO;
				DEBUG_INFORMATION_FORMAT = dwarf;
				ENABLE_STRICT_OBJC_MSGSEND = YES;
				ENABLE_TESTABILITY = YES;
				GCC_C_LANGUAGE_STANDARD = gnu11;
				GCC_DYNAMIC_NO_PIC = NO;
				GCC_NO_COMMON_BLOCKS = YES;
				GCC_OPTIMIZATION_LEVEL = 0;
				GCC_PREPROCESSOR_DEFINITIONS = (
					"DEBUG=1",
					"$(inherited)",
				);
				GCC_WARN_64_TO_32_BIT_CONVERSION = YES;
				GCC_WARN_ABOUT_RETURN_TYPE = YES_ERROR;
				GCC_WARN_UNDECLARED_SELECTOR = YES;
				GCC_WARN_UNINITIALIZED_AUTOS = YES_AGGRESSIVE;
				GCC_WARN_UNUSED_FUNCTION = YES;
				GCC_WARN_UNUSED_VARIABLE = YES;
				MACOSX_DEPLOYMENT_TARGET = 11.0;
				MTL_ENABLE_DEBUG_INFO = INCLUDE_SOURCE;
				MTL_FAST_MATH = YES;
				ONLY_ACTIVE_ARCH = YES;
				SDKROOT = macosx;
				SWIFT_ACTIVE_COMPILATION_CONDITIONS = DEBUG;
				SWIFT_OPTIMIZATION_LEVEL = "-Onone";
			};
			name = Debug;
		};
		015AB421254993C200AB0EF9 /* Release */ = {
			isa = XCBuildConfiguration;
			buildSettings = {
				ALWAYS_SEARCH_USER_PATHS = NO;
				CLANG_ANALYZER_NONNULL = YES;
				CLANG_ANALYZER_NUMBER_OBJECT_CONVERSION = YES_AGGRESSIVE;
				CLANG_CXX_LANGUAGE_STANDARD = "gnu++14";
				CLANG_CXX_LIBRARY = "libc++";
				CLANG_ENABLE_MODULES = YES;
				CLANG_ENABLE_OBJC_ARC = YES;
				CLANG_ENABLE_OBJC_WEAK = YES;
				CLANG_WARN_BLOCK_CAPTURE_AUTORELEASING = YES;
				CLANG_WARN_BOOL_CONVERSION = YES;
				CLANG_WARN_COMMA = YES;
				CLANG_WARN_CONSTANT_CONVERSION = YES;
				CLANG_WARN_DEPRECATED_OBJC_IMPLEMENTATIONS = YES;
				CLANG_WARN_DIRECT_OBJC_ISA_USAGE = YES_ERROR;
				CLANG_WARN_DOCUMENTATION_COMMENTS = YES;
				CLANG_WARN_EMPTY_BODY = YES;
				CLANG_WARN_ENUM_CONVERSION = YES;
				CLANG_WARN_INFINITE_RECURSION = YES;
				CLANG_WARN_INT_CONVERSION = YES;
				CLANG_WARN_NON_LITERAL_NULL_CONVERSION = YES;
				CLANG_WARN_OBJC_IMPLICIT_RETAIN_SELF = YES;
				CLANG_WARN_OBJC_LITERAL_CONVERSION = YES;
				CLANG_WARN_OBJC_ROOT_CLASS = YES_ERROR;
				CLANG_WARN_QUOTED_INCLUDE_IN_FRAMEWORK_HEADER = YES;
				CLANG_WARN_RANGE_LOOP_ANALYSIS = YES;
				CLANG_WARN_STRICT_PROTOTYPES = YES;
				CLANG_WARN_SUSPICIOUS_MOVE = YES;
				CLANG_WARN_UNGUARDED_AVAILABILITY = YES_AGGRESSIVE;
				CLANG_WARN_UNREACHABLE_CODE = YES;
				CLANG_WARN__DUPLICATE_METHOD_MATCH = YES;
				COPY_PHASE_STRIP = NO;
				DEBUG_INFORMATION_FORMAT = "dwarf-with-dsym";
				ENABLE_NS_ASSERTIONS = NO;
				ENABLE_STRICT_OBJC_MSGSEND = YES;
				GCC_C_LANGUAGE_STANDARD = gnu11;
				GCC_NO_COMMON_BLOCKS = YES;
				GCC_WARN_64_TO_32_BIT_CONVERSION = YES;
				GCC_WARN_ABOUT_RETURN_TYPE = YES_ERROR;
				GCC_WARN_UNDECLARED_SELECTOR = YES;
				GCC_WARN_UNINITIALIZED_AUTOS = YES_AGGRESSIVE;
				GCC_WARN_UNUSED_FUNCTION = YES;
				GCC_WARN_UNUSED_VARIABLE = YES;
				MACOSX_DEPLOYMENT_TARGET = 11.0;
				MTL_ENABLE_DEBUG_INFO = NO;
				MTL_FAST_MATH = YES;
				SDKROOT = macosx;
				SWIFT_COMPILATION_MODE = wholemodule;
				SWIFT_OPTIMIZATION_LEVEL = "-O";
			};
			name = Release;
		};
		015AB423254993C200AB0EF9 /* Debug */ = {
			isa = XCBuildConfiguration;
			buildSettings = {
				ASSETCATALOG_COMPILER_APPICON_NAME = AppIcon;
				ASSETCATALOG_COMPILER_GLOBAL_ACCENT_COLOR_NAME = AccentColor;
				CODE_SIGN_ENTITLEMENTS = "f5-weather/f5-weather.entitlements";
				CODE_SIGN_STYLE = Automatic;
				COMBINE_HIDPI_IMAGES = YES;
				DEVELOPMENT_ASSET_PATHS = "\"f5-weather/Preview Content\"";
				DEVELOPMENT_TEAM = CBY22P58G8;
				ENABLE_HARDENED_RUNTIME = YES;
				ENABLE_PREVIEWS = NO;
				INFOPLIST_FILE = "f5-weather/Info.plist";
				LD_RUNPATH_SEARCH_PATHS = (
					"$(inherited)",
					"@executable_path/../Frameworks",
				);
				MACOSX_DEPLOYMENT_TARGET = 11.0;
				PRODUCT_BUNDLE_IDENTIFIER = "is.rud.f5-weather";
				PRODUCT_NAME = "$(TARGET_NAME)";
				SWIFT_VERSION = 5.0;
			};
			name = Debug;
		};
		015AB424254993C200AB0EF9 /* Release */ = {
			isa = XCBuildConfiguration;
			buildSettings = {
				ASSETCATALOG_COMPILER_APPICON_NAME = AppIcon;
				ASSETCATALOG_COMPILER_GLOBAL_ACCENT_COLOR_NAME = AccentColor;
				CODE_SIGN_ENTITLEMENTS = "f5-weather/f5-weather.entitlements";
				CODE_SIGN_STYLE = Automatic;
				COMBINE_HIDPI_IMAGES = YES;
				DEVELOPMENT_ASSET_PATHS = "\"f5-weather/Preview Content\"";
				DEVELOPMENT_TEAM = CBY22P58G8;
				ENABLE_HARDENED_RUNTIME = YES;
				ENABLE_PREVIEWS = NO;
				INFOPLIST_FILE = "f5-weather/Info.plist";
				LD_RUNPATH_SEARCH_PATHS = (
					"$(inherited)",
					"@executable_path/../Frameworks",
				);
				MACOSX_DEPLOYMENT_TARGET = 11.0;
				PRODUCT_BUNDLE_IDENTIFIER = "is.rud.f5-weather";
				PRODUCT_NAME = "$(TARGET_NAME)";
				SWIFT_VERSION = 5.0;
			};
			name = Release;
		};
/* End XCBuildConfiguration section */

/* Begin XCConfigurationList section */
		015AB40D254993C100AB0EF9 /* Build configuration list for PBXProject "F5 Weather" */ = {
			isa = XCConfigurationList;
			buildConfigurations = (
				015AB420254993C200AB0EF9 /* Debug */,
				015AB421254993C200AB0EF9 /* Release */,
			);
			defaultConfigurationIsVisible = 0;
			defaultConfigurationName = Release;
		};
		015AB422254993C200AB0EF9 /* Build configuration list for PBXNativeTarget "F5 Weather" */ = {
			isa = XCConfigurationList;
			buildConfigurations = (
				015AB423254993C200AB0EF9 /* Debug */,
				015AB424254993C200AB0EF9 /* Release */,
			);
			defaultConfigurationIsVisible = 0;
			defaultConfigurationName = Release;
		};
/* End XCConfigurationList section */
	};
	rootObject = 015AB40A254993C100AB0EF9 /* Project object */;
}
